
Microsoft Visual Studio Solution File, Format Version 12.00
# Visual Studio Version 17
VisualStudioVersion = 17.6.33815.320
MinimumVisualStudioVersion = 10.0.40219.1
Project("{9A19103F-16F7-4668-BE54-9A1E7A4F7556}") = "WebSmileSoft", "WebSmileSoft\WebSmileSoft.csproj", "{DD3EF3F4-265A-4484-B9D4-73201759016C}"
EndProject
Project("{9A19103F-16F7-4668-BE54-9A1E7A4F7556}") = "EpSmileSoft", "EpSmileSoft\EpSmileSoft.csproj", "{E8F1BB24-96F8-4D5D-A7A2-82F5784C5B24}"
	ProjectSection(ProjectDependencies) = postProject
		{3BF07992-C57F-40F5-B680-B581839D021F} = {3BF07992-C57F-40F5-B680-B581839D021F}
		{8AB88BBE-241C-4552-80E6-1FB12F61F027} = {8AB88BBE-241C-4552-80E6-1FB12F61F027}
	EndProjectSection
EndProject
Project("{2150E333-8FDC-42A3-9474-1A3956D46DE8}") = "Domain", "Domain", "{11E74CA3-32DA-439B-8199-41AA114C66F2}"
EndProject
Project("{2150E333-8FDC-42A3-9474-1A3956D46DE8}") = "Infrastructure", "Infrastructure", "{D3D84AE8-94BF-4120-A32C-1AA282F749F5}"
EndProject
Project("{2150E333-8FDC-42A3-9474-1A3956D46DE8}") = "Application", "Application", "{4EDAACF7-508D-40E0-8DED-23223C647C75}"
EndProject
Project("{9A19103F-16F7-4668-BE54-9A1E7A4F7556}") = "Repository", "Repository\Repository.csproj", "{CC4E3702-361C-4260-BBA0-ED1C2568F12D}"
	ProjectSection(ProjectDependencies) = postProject
		{4AB44630-AABB-48FB-BB84-D2D559E5757F} = {4AB44630-AABB-48FB-BB84-D2D559E5757F}
		{C1B26D39-4961-4A3B-8277-1871F17B6F43} = {C1B26D39-4961-4A3B-8277-1871F17B6F43}
	EndProjectSection
EndProject
Project("{9A19103F-16F7-4668-BE54-9A1E7A4F7556}") = "DataAccess", "DataAccess\DataAccess.csproj", "{C1B26D39-4961-4A3B-8277-1871F17B6F43}"
EndProject
Project("{9A19103F-16F7-4668-BE54-9A1E7A4F7556}") = "Domain.Entities", "Domain.Entities\Domain.Entities.csproj", "{3BF07992-C57F-40F5-B680-B581839D021F}"
EndProject
Project("{9A19103F-16F7-4668-BE54-9A1E7A4F7556}") = "Domain.Core", "Domain.Core\Domain.Core.csproj", "{8AB88BBE-241C-4552-80E6-1FB12F61F027}"
	ProjectSection(ProjectDependencies) = postProject
		{CC4E3702-361C-4260-BBA0-ED1C2568F12D} = {CC4E3702-361C-4260-BBA0-ED1C2568F12D}
	EndProjectSection
EndProject
Project("{9A19103F-16F7-4668-BE54-9A1E7A4F7556}") = "Domain.Interfaces", "Domain.Interfaces\Domain.Interfaces.csproj", "{4AB44630-AABB-48FB-BB84-D2D559E5757F}"
	ProjectSection(ProjectDependencies) = postProject
		{3BF07992-C57F-40F5-B680-B581839D021F} = {3BF07992-C57F-40F5-B680-B581839D021F}
	EndProjectSection
EndProject
Global
	GlobalSection(SolutionConfigurationPlatforms) = preSolution
		Debug|Any CPU = Debug|Any CPU
		Release|Any CPU = Release|Any CPU
	EndGlobalSection
	GlobalSection(ProjectConfigurationPlatforms) = postSolution
		{DD3EF3F4-265A-4484-B9D4-73201759016C}.Debug|Any CPU.ActiveCfg = Debug|Any CPU
		{DD3EF3F4-265A-4484-B9D4-73201759016C}.Debug|Any CPU.Build.0 = Debug|Any CPU
		{DD3EF3F4-265A-4484-B9D4-73201759016C}.Release|Any CPU.ActiveCfg = Release|Any CPU
		{DD3EF3F4-265A-4484-B9D4-73201759016C}.Release|Any CPU.Build.0 = Release|Any CPU
		{E8F1BB24-96F8-4D5D-A7A2-82F5784C5B24}.Debug|Any CPU.ActiveCfg = Debug|Any CPU
		{E8F1BB24-96F8-4D5D-A7A2-82F5784C5B24}.Debug|Any CPU.Build.0 = Debug|Any CPU
		{E8F1BB24-96F8-4D5D-A7A2-82F5784C5B24}.Release|Any CPU.ActiveCfg = Release|Any CPU
		{E8F1BB24-96F8-4D5D-A7A2-82F5784C5B24}.Release|Any CPU.Build.0 = Release|Any CPU
		{CC4E3702-361C-4260-BBA0-ED1C2568F12D}.Debug|Any CPU.ActiveCfg = Debug|Any CPU
		{CC4E3702-361C-4260-BBA0-ED1C2568F12D}.Debug|Any CPU.Build.0 = Debug|Any CPU
		{CC4E3702-361C-4260-BBA0-ED1C2568F12D}.Release|Any CPU.ActiveCfg = Release|Any CPU
		{CC4E3702-361C-4260-BBA0-ED1C2568F12D}.Release|Any CPU.Build.0 = Release|Any CPU
		{C1B26D39-4961-4A3B-8277-1871F17B6F43}.Debug|Any CPU.ActiveCfg = Debug|Any CPU
		{C1B26D39-4961-4A3B-8277-1871F17B6F43}.Debug|Any CPU.Build.0 = Debug|Any CPU
		{C1B26D39-4961-4A3B-8277-1871F17B6F43}.Release|Any CPU.ActiveCfg = Release|Any CPU
		{C1B26D39-4961-4A3B-8277-1871F17B6F43}.Release|Any CPU.Build.0 = Release|Any CPU
		{3BF07992-C57F-40F5-B680-B581839D021F}.Debug|Any CPU.ActiveCfg = Debug|Any CPU
		{3BF07992-C57F-40F5-B680-B581839D021F}.Debug|Any CPU.Build.0 = Debug|Any CPU
		{3BF07992-C57F-40F5-B680-B581839D021F}.Release|Any CPU.ActiveCfg = Release|Any CPU
		{3BF07992-C57F-40F5-B680-B581839D021F}.Release|Any CPU.Build.0 = Release|Any CPU
		{8AB88BBE-241C-4552-80E6-1FB12F61F027}.Debug|Any CPU.ActiveCfg = Debug|Any CPU
		{8AB88BBE-241C-4552-80E6-1FB12F61F027}.Debug|Any CPU.Build.0 = Debug|Any CPU
		{8AB88BBE-241C-4552-80E6-1FB12F61F027}.Release|Any CPU.ActiveCfg = Release|Any CPU
		{8AB88BBE-241C-4552-80E6-1FB12F61F027}.Release|Any CPU.Build.0 = Release|Any CPU
		{4AB44630-AABB-48FB-BB84-D2D559E5757F}.Debug|Any CPU.ActiveCfg = Debug|Any CPU
		{4AB44630-AABB-48FB-BB84-D2D559E5757F}.Debug|Any CPU.Build.0 = Debug|Any CPU
		{4AB44630-AABB-48FB-BB84-D2D559E5757F}.Release|Any CPU.ActiveCfg = Release|Any CPU
		{4AB44630-AABB-48FB-BB84-D2D559E5757F}.Release|Any CPU.Build.0 = Release|Any CPU
	EndGlobalSection
	GlobalSection(SolutionProperties) = preSolution
		HideSolutionNode = FALSE
	EndGlobalSection
	GlobalSection(NestedProjects) = preSolution
		{DD3EF3F4-265A-4484-B9D4-73201759016C} = {4EDAACF7-508D-40E0-8DED-23223C647C75}
		{E8F1BB24-96F8-4D5D-A7A2-82F5784C5B24} = {4EDAACF7-508D-40E0-8DED-23223C647C75}
		{CC4E3702-361C-4260-BBA0-ED1C2568F12D} = {D3D84AE8-94BF-4120-A32C-1AA282F749F5}
		{C1B26D39-4961-4A3B-8277-1871F17B6F43} = {D3D84AE8-94BF-4120-A32C-1AA282F749F5}
		{3BF07992-C57F-40F5-B680-B581839D021F} = {11E74CA3-32DA-439B-8199-41AA114C66F2}
		{8AB88BBE-241C-4552-80E6-1FB12F61F027} = {11E74CA3-32DA-439B-8199-41AA114C66F2}
		{4AB44630-AABB-48FB-BB84-D2D559E5757F} = {11E74CA3-32DA-439B-8199-41AA114C66F2}
	EndGlobalSection
	GlobalSection(ExtensibilityGlobals) = postSolution
		SolutionGuid = {8EA5E26B-3EAF-4381-86BC-847AC3665E67}
	EndGlobalSection
EndGlobal
